
Microsoft Visual Studio Solution File, Format Version 12.00
# Visual Studio Version 17
VisualStudioVersion = 17.10.35027.167
MinimumVisualStudioVersion = 10.0.40219.1
Project("{FAE04EC0-301F-11D3-BF4B-00C04F79EFBC}") = "Proyecto grupal", "Proyecto grupal.csproj", "{AC38BCD8-F993-4F85-A351-20498FF89A20}"
EndProject
Global
	GlobalSection(SolutionConfigurationPlatforms) = preSolution
		Debug|Any CPU = Debug|Any CPU
		Release|Any CPU = Release|Any CPU
	EndGlobalSection
	GlobalSection(ProjectConfigurationPlatforms) = postSolution
		{AC38BCD8-F993-4F85-A351-20498FF89A20}.Debug|Any CPU.ActiveCfg = Debug|Any CPU
		{AC38BCD8-F993-4F85-A351-20498FF89A20}.Debug|Any CPU.Build.0 = Debug|Any CPU
		{AC38BCD8-F993-4F85-A351-20498FF89A20}.Release|Any CPU.ActiveCfg = Release|Any CPU
		{AC38BCD8-F993-4F85-A351-20498FF89A20}.Release|Any CPU.Build.0 = Release|Any CPU
	EndGlobalSection
	GlobalSection(SolutionProperties) = preSolution
		HideSolutionNode = FALSE
	EndGlobalSection
	GlobalSection(ExtensibilityGlobals) = postSolution
		SolutionGuid = {36D3BF0C-4FAF-48B4-BDEA-54169A6A89B2}
	EndGlobalSection
EndGlobal
